// !$*UTF8*$!
{
	archiveVersion = 1;
	classes = {
	};
	objectVersion = 50;
	objects = {

/* Begin PBXBuildFile section */
		9307FB7725E2F5C800455696 /* RecipeScalerApp.swift in Sources */ = {isa = PBXBuildFile; fileRef = 9307FB7625E2F5C800455696 /* RecipeScalerApp.swift */; };
		9307FB7925E2F5C800455696 /* ContentView.swift in Sources */ = {isa = PBXBuildFile; fileRef = 9307FB7825E2F5C800455696 /* ContentView.swift */; };
		9307FB7B25E2F5CA00455696 /* Assets.xcassets in Resources */ = {isa = PBXBuildFile; fileRef = 9307FB7A25E2F5CA00455696 /* Assets.xcassets */; };
		9307FB7E25E2F5CA00455696 /* Preview Assets.xcassets in Resources */ = {isa = PBXBuildFile; fileRef = 9307FB7D25E2F5CA00455696 /* Preview Assets.xcassets */; };
		9307FB8025E2F5CA00455696 /* Persistence.swift in Sources */ = {isa = PBXBuildFile; fileRef = 9307FB7F25E2F5CA00455696 /* Persistence.swift */; };
		9307FB8325E2F5CA00455696 /* RecipeScaler.xcdatamodeld in Sources */ = {isa = PBXBuildFile; fileRef = 9307FB8125E2F5CA00455696 /* RecipeScaler.xcdatamodeld */; };
		9307FB8E25E2F5CA00455696 /* RecipeScalerTests.swift in Sources */ = {isa = PBXBuildFile; fileRef = 9307FB8D25E2F5CA00455696 /* RecipeScalerTests.swift */; };
		9307FB9925E2F5CB00455696 /* RecipeScalerUITests.swift in Sources */ = {isa = PBXBuildFile; fileRef = 9307FB9825E2F5CB00455696 /* RecipeScalerUITests.swift */; };
		9307FBB025E417FC00455696 /* RecipeDetailView.swift in Sources */ = {isa = PBXBuildFile; fileRef = 9307FBAF25E417FC00455696 /* RecipeDetailView.swift */; };
		9307FBB525E4362200455696 /* AddRecipeView.swift in Sources */ = {isa = PBXBuildFile; fileRef = 9307FBB425E4362200455696 /* AddRecipeView.swift */; };
		9307FBBA25E4B27100455696 /* AddIngredientView.swift in Sources */ = {isa = PBXBuildFile; fileRef = 9307FBB925E4B27100455696 /* AddIngredientView.swift */; };
		9380BFF525E6D98C00E72D13 /* AddStepView.swift in Sources */ = {isa = PBXBuildFile; fileRef = 9380BFF425E6D98C00E72D13 /* AddStepView.swift */; };
		9380BFFD25EBD27900E72D13 /* EditRecipeView.swift in Sources */ = {isa = PBXBuildFile; fileRef = 9380BFFC25EBD27900E72D13 /* EditRecipeView.swift */; };
		939D362F25E56A6700F7EE4C /* Units.swift in Sources */ = {isa = PBXBuildFile; fileRef = 939D362E25E56A6700F7EE4C /* Units.swift */; };
		939D363425E59C5000F7EE4C /* PartialQuantity.swift in Sources */ = {isa = PBXBuildFile; fileRef = 939D363325E59C5000F7EE4C /* PartialQuantity.swift */; };
/* End PBXBuildFile section */

/* Begin PBXContainerItemProxy section */
		9307FB8A25E2F5CA00455696 /* PBXContainerItemProxy */ = {
			isa = PBXContainerItemProxy;
			containerPortal = 9307FB6B25E2F5C800455696 /* Project object */;
			proxyType = 1;
			remoteGlobalIDString = 9307FB7225E2F5C800455696;
			remoteInfo = RecipeScaler;
		};
		9307FB9525E2F5CB00455696 /* PBXContainerItemProxy */ = {
			isa = PBXContainerItemProxy;
			containerPortal = 9307FB6B25E2F5C800455696 /* Project object */;
			proxyType = 1;
			remoteGlobalIDString = 9307FB7225E2F5C800455696;
			remoteInfo = RecipeScaler;
		};
/* End PBXContainerItemProxy section */

/* Begin PBXFileReference section */
		9307FB7325E2F5C800455696 /* RecipeScaler.app */ = {isa = PBXFileReference; explicitFileType = wrapper.application; includeInIndex = 0; path = RecipeScaler.app; sourceTree = BUILT_PRODUCTS_DIR; };
		9307FB7625E2F5C800455696 /* RecipeScalerApp.swift */ = {isa = PBXFileReference; lastKnownFileType = sourcecode.swift; path = RecipeScalerApp.swift; sourceTree = "<group>"; };
		9307FB7825E2F5C800455696 /* ContentView.swift */ = {isa = PBXFileReference; lastKnownFileType = sourcecode.swift; path = ContentView.swift; sourceTree = "<group>"; };
		9307FB7A25E2F5CA00455696 /* Assets.xcassets */ = {isa = PBXFileReference; lastKnownFileType = folder.assetcatalog; path = Assets.xcassets; sourceTree = "<group>"; };
		9307FB7D25E2F5CA00455696 /* Preview Assets.xcassets */ = {isa = PBXFileReference; lastKnownFileType = folder.assetcatalog; path = "Preview Assets.xcassets"; sourceTree = "<group>"; };
		9307FB7F25E2F5CA00455696 /* Persistence.swift */ = {isa = PBXFileReference; lastKnownFileType = sourcecode.swift; path = Persistence.swift; sourceTree = "<group>"; };
		9307FB8225E2F5CA00455696 /* RecipeScaler.xcdatamodel */ = {isa = PBXFileReference; lastKnownFileType = wrapper.xcdatamodel; path = RecipeScaler.xcdatamodel; sourceTree = "<group>"; };
		9307FB8425E2F5CA00455696 /* Info.plist */ = {isa = PBXFileReference; lastKnownFileType = text.plist.xml; path = Info.plist; sourceTree = "<group>"; };
		9307FB8925E2F5CA00455696 /* RecipeScalerTests.xctest */ = {isa = PBXFileReference; explicitFileType = wrapper.cfbundle; includeInIndex = 0; path = RecipeScalerTests.xctest; sourceTree = BUILT_PRODUCTS_DIR; };
		9307FB8D25E2F5CA00455696 /* RecipeScalerTests.swift */ = {isa = PBXFileReference; lastKnownFileType = sourcecode.swift; path = RecipeScalerTests.swift; sourceTree = "<group>"; };
		9307FB8F25E2F5CA00455696 /* Info.plist */ = {isa = PBXFileReference; lastKnownFileType = text.plist.xml; path = Info.plist; sourceTree = "<group>"; };
		9307FB9425E2F5CA00455696 /* RecipeScalerUITests.xctest */ = {isa = PBXFileReference; explicitFileType = wrapper.cfbundle; includeInIndex = 0; path = RecipeScalerUITests.xctest; sourceTree = BUILT_PRODUCTS_DIR; };
		9307FB9825E2F5CB00455696 /* RecipeScalerUITests.swift */ = {isa = PBXFileReference; lastKnownFileType = sourcecode.swift; path = RecipeScalerUITests.swift; sourceTree = "<group>"; };
		9307FB9A25E2F5CB00455696 /* Info.plist */ = {isa = PBXFileReference; lastKnownFileType = text.plist.xml; path = Info.plist; sourceTree = "<group>"; };
		9307FBAF25E417FC00455696 /* RecipeDetailView.swift */ = {isa = PBXFileReference; lastKnownFileType = sourcecode.swift; path = RecipeDetailView.swift; sourceTree = "<group>"; };
		9307FBB425E4362200455696 /* AddRecipeView.swift */ = {isa = PBXFileReference; lastKnownFileType = sourcecode.swift; path = AddRecipeView.swift; sourceTree = "<group>"; };
		9307FBB925E4B27100455696 /* AddIngredientView.swift */ = {isa = PBXFileReference; lastKnownFileType = sourcecode.swift; path = AddIngredientView.swift; sourceTree = "<group>"; };
		9380BFF425E6D98C00E72D13 /* AddStepView.swift */ = {isa = PBXFileReference; lastKnownFileType = sourcecode.swift; path = AddStepView.swift; sourceTree = "<group>"; };
		9380BFFC25EBD27900E72D13 /* EditRecipeView.swift */ = {isa = PBXFileReference; lastKnownFileType = sourcecode.swift; path = EditRecipeView.swift; sourceTree = "<group>"; };
		939D362E25E56A6700F7EE4C /* Units.swift */ = {isa = PBXFileReference; lastKnownFileType = sourcecode.swift; path = Units.swift; sourceTree = "<group>"; };
		939D363325E59C5000F7EE4C /* PartialQuantity.swift */ = {isa = PBXFileReference; lastKnownFileType = sourcecode.swift; path = PartialQuantity.swift; sourceTree = "<group>"; };
/* End PBXFileReference section */

/* Begin PBXFrameworksBuildPhase section */
		9307FB7025E2F5C800455696 /* Frameworks */ = {
			isa = PBXFrameworksBuildPhase;
			buildActionMask = 2147483647;
			files = (
			);
			runOnlyForDeploymentPostprocessing = 0;
		};
		9307FB8625E2F5CA00455696 /* Frameworks */ = {
			isa = PBXFrameworksBuildPhase;
			buildActionMask = 2147483647;
			files = (
			);
			runOnlyForDeploymentPostprocessing = 0;
		};
		9307FB9125E2F5CA00455696 /* Frameworks */ = {
			isa = PBXFrameworksBuildPhase;
			buildActionMask = 2147483647;
			files = (
			);
			runOnlyForDeploymentPostprocessing = 0;
		};
/* End PBXFrameworksBuildPhase section */

/* Begin PBXGroup section */
		9307FB6A25E2F5C800455696 = {
			isa = PBXGroup;
			children = (
				9307FB7525E2F5C800455696 /* RecipeScaler */,
				9307FB8C25E2F5CA00455696 /* RecipeScalerTests */,
				9307FB9725E2F5CB00455696 /* RecipeScalerUITests */,
				9307FB7425E2F5C800455696 /* Products */,
			);
			sourceTree = "<group>";
		};
		9307FB7425E2F5C800455696 /* Products */ = {
			isa = PBXGroup;
			children = (
				9307FB7325E2F5C800455696 /* RecipeScaler.app */,
				9307FB8925E2F5CA00455696 /* RecipeScalerTests.xctest */,
				9307FB9425E2F5CA00455696 /* RecipeScalerUITests.xctest */,
			);
			name = Products;
			sourceTree = "<group>";
		};
		9307FB7525E2F5C800455696 /* RecipeScaler */ = {
			isa = PBXGroup;
			children = (
				9307FB7625E2F5C800455696 /* RecipeScalerApp.swift */,
				9380C00125EBE55300E72D13 /* Views */,
				9380C00225EBE55E00E72D13 /* Support */,
				9307FB7A25E2F5CA00455696 /* Assets.xcassets */,
				9307FB7F25E2F5CA00455696 /* Persistence.swift */,
				9307FB8425E2F5CA00455696 /* Info.plist */,
				9307FB8125E2F5CA00455696 /* RecipeScaler.xcdatamodeld */,
				9307FB7C25E2F5CA00455696 /* Preview Content */,
			);
			path = RecipeScaler;
			sourceTree = "<group>";
		};
		9307FB7C25E2F5CA00455696 /* Preview Content */ = {
			isa = PBXGroup;
			children = (
				9307FB7D25E2F5CA00455696 /* Preview Assets.xcassets */,
			);
			path = "Preview Content";
			sourceTree = "<group>";
		};
		9307FB8C25E2F5CA00455696 /* RecipeScalerTests */ = {
			isa = PBXGroup;
			children = (
				9307FB8D25E2F5CA00455696 /* RecipeScalerTests.swift */,
				9307FB8F25E2F5CA00455696 /* Info.plist */,
			);
			path = RecipeScalerTests;
			sourceTree = "<group>";
		};
		9307FB9725E2F5CB00455696 /* RecipeScalerUITests */ = {
			isa = PBXGroup;
			children = (
				9307FB9825E2F5CB00455696 /* RecipeScalerUITests.swift */,
				9307FB9A25E2F5CB00455696 /* Info.plist */,
			);
			path = RecipeScalerUITests;
			sourceTree = "<group>";
		};
		9380C00125EBE55300E72D13 /* Views */ = {
			isa = PBXGroup;
			children = (
				9307FB7825E2F5C800455696 /* ContentView.swift */,
				9307FBB425E4362200455696 /* AddRecipeView.swift */,
				9307FBAF25E417FC00455696 /* RecipeDetailView.swift */,
				9380BFFC25EBD27900E72D13 /* EditRecipeView.swift */,
				9307FBB925E4B27100455696 /* AddIngredientView.swift */,
				9380BFF425E6D98C00E72D13 /* AddStepView.swift */,
			);
			path = Views;
			sourceTree = "<group>";
		};
		9380C00225EBE55E00E72D13 /* Support */ = {
			isa = PBXGroup;
			children = (
				939D362E25E56A6700F7EE4C /* Units.swift */,
				939D363325E59C5000F7EE4C /* PartialQuantity.swift */,
			);
			path = Support;
			sourceTree = "<group>";
		};
/* End PBXGroup section */

/* Begin PBXNativeTarget section */
		9307FB7225E2F5C800455696 /* RecipeScaler */ = {
			isa = PBXNativeTarget;
			buildConfigurationList = 9307FB9D25E2F5CB00455696 /* Build configuration list for PBXNativeTarget "RecipeScaler" */;
			buildPhases = (
				9307FB6F25E2F5C800455696 /* Sources */,
				9307FB7025E2F5C800455696 /* Frameworks */,
				9307FB7125E2F5C800455696 /* Resources */,
			);
			buildRules = (
			);
			dependencies = (
			);
			name = RecipeScaler;
			productName = RecipeScaler;
			productReference = 9307FB7325E2F5C800455696 /* RecipeScaler.app */;
			productType = "com.apple.product-type.application";
		};
		9307FB8825E2F5CA00455696 /* RecipeScalerTests */ = {
			isa = PBXNativeTarget;
			buildConfigurationList = 9307FBA025E2F5CB00455696 /* Build configuration list for PBXNativeTarget "RecipeScalerTests" */;
			buildPhases = (
				9307FB8525E2F5CA00455696 /* Sources */,
				9307FB8625E2F5CA00455696 /* Frameworks */,
				9307FB8725E2F5CA00455696 /* Resources */,
			);
			buildRules = (
			);
			dependencies = (
				9307FB8B25E2F5CA00455696 /* PBXTargetDependency */,
			);
			name = RecipeScalerTests;
			productName = RecipeScalerTests;
			productReference = 9307FB8925E2F5CA00455696 /* RecipeScalerTests.xctest */;
			productType = "com.apple.product-type.bundle.unit-test";
		};
		9307FB9325E2F5CA00455696 /* RecipeScalerUITests */ = {
			isa = PBXNativeTarget;
			buildConfigurationList = 9307FBA325E2F5CB00455696 /* Build configuration list for PBXNativeTarget "RecipeScalerUITests" */;
			buildPhases = (
				9307FB9025E2F5CA00455696 /* Sources */,
				9307FB9125E2F5CA00455696 /* Frameworks */,
				9307FB9225E2F5CA00455696 /* Resources */,
			);
			buildRules = (
			);
			dependencies = (
				9307FB9625E2F5CB00455696 /* PBXTargetDependency */,
			);
			name = RecipeScalerUITests;
			productName = RecipeScalerUITests;
			productReference = 9307FB9425E2F5CA00455696 /* RecipeScalerUITests.xctest */;
			productType = "com.apple.product-type.bundle.ui-testing";
		};
/* End PBXNativeTarget section */

/* Begin PBXProject section */
		9307FB6B25E2F5C800455696 /* Project object */ = {
			isa = PBXProject;
			attributes = {
				LastSwiftUpdateCheck = 1210;
				LastUpgradeCheck = 1210;
				TargetAttributes = {
					9307FB7225E2F5C800455696 = {
						CreatedOnToolsVersion = 12.1;
					};
					9307FB8825E2F5CA00455696 = {
						CreatedOnToolsVersion = 12.1;
						TestTargetID = 9307FB7225E2F5C800455696;
					};
					9307FB9325E2F5CA00455696 = {
						CreatedOnToolsVersion = 12.1;
						TestTargetID = 9307FB7225E2F5C800455696;
					};
				};
			};
			buildConfigurationList = 9307FB6E25E2F5C800455696 /* Build configuration list for PBXProject "RecipeScaler" */;
			compatibilityVersion = "Xcode 9.3";
			developmentRegion = en;
			hasScannedForEncodings = 0;
			knownRegions = (
				en,
				Base,
			);
			mainGroup = 9307FB6A25E2F5C800455696;
			productRefGroup = 9307FB7425E2F5C800455696 /* Products */;
			projectDirPath = "";
			projectRoot = "";
			targets = (
				9307FB7225E2F5C800455696 /* RecipeScaler */,
				9307FB8825E2F5CA00455696 /* RecipeScalerTests */,
				9307FB9325E2F5CA00455696 /* RecipeScalerUITests */,
			);
		};
/* End PBXProject section */

/* Begin PBXResourcesBuildPhase section */
		9307FB7125E2F5C800455696 /* Resources */ = {
			isa = PBXResourcesBuildPhase;
			buildActionMask = 2147483647;
			files = (
				9307FB7E25E2F5CA00455696 /* Preview Assets.xcassets in Resources */,
				9307FB7B25E2F5CA00455696 /* Assets.xcassets in Resources */,
			);
			runOnlyForDeploymentPostprocessing = 0;
		};
		9307FB8725E2F5CA00455696 /* Resources */ = {
			isa = PBXResourcesBuildPhase;
			buildActionMask = 2147483647;
			files = (
			);
			runOnlyForDeploymentPostprocessing = 0;
		};
		9307FB9225E2F5CA00455696 /* Resources */ = {
			isa = PBXResourcesBuildPhase;
			buildActionMask = 2147483647;
			files = (
			);
			runOnlyForDeploymentPostprocessing = 0;
		};
/* End PBXResourcesBuildPhase section */

/* Begin PBXSourcesBuildPhase section */
		9307FB6F25E2F5C800455696 /* Sources */ = {
			isa = PBXSourcesBuildPhase;
			buildActionMask = 2147483647;
			files = (
				9307FB8025E2F5CA00455696 /* Persistence.swift in Sources */,
				939D362F25E56A6700F7EE4C /* Units.swift in Sources */,
				9307FBBA25E4B27100455696 /* AddIngredientView.swift in Sources */,
				939D363425E59C5000F7EE4C /* PartialQuantity.swift in Sources */,
				9307FBB025E417FC00455696 /* RecipeDetailView.swift in Sources */,
				9380BFFD25EBD27900E72D13 /* EditRecipeView.swift in Sources */,
				9307FBB525E4362200455696 /* AddRecipeView.swift in Sources */,
				9307FB7925E2F5C800455696 /* ContentView.swift in Sources */,
				9307FB7725E2F5C800455696 /* RecipeScalerApp.swift in Sources */,
				9380BFF525E6D98C00E72D13 /* AddStepView.swift in Sources */,
				9307FB8325E2F5CA00455696 /* RecipeScaler.xcdatamodeld in Sources */,
			);
			runOnlyForDeploymentPostprocessing = 0;
		};
		9307FB8525E2F5CA00455696 /* Sources */ = {
			isa = PBXSourcesBuildPhase;
			buildActionMask = 2147483647;
			files = (
				9307FB8E25E2F5CA00455696 /* RecipeScalerTests.swift in Sources */,
			);
			runOnlyForDeploymentPostprocessing = 0;
		};
		9307FB9025E2F5CA00455696 /* Sources */ = {
			isa = PBXSourcesBuildPhase;
			buildActionMask = 2147483647;
			files = (
				9307FB9925E2F5CB00455696 /* RecipeScalerUITests.swift in Sources */,
			);
			runOnlyForDeploymentPostprocessing = 0;
		};
/* End PBXSourcesBuildPhase section */

/* Begin PBXTargetDependency section */
		9307FB8B25E2F5CA00455696 /* PBXTargetDependency */ = {
			isa = PBXTargetDependency;
			target = 9307FB7225E2F5C800455696 /* RecipeScaler */;
			targetProxy = 9307FB8A25E2F5CA00455696 /* PBXContainerItemProxy */;
		};
		9307FB9625E2F5CB00455696 /* PBXTargetDependency */ = {
			isa = PBXTargetDependency;
			target = 9307FB7225E2F5C800455696 /* RecipeScaler */;
			targetProxy = 9307FB9525E2F5CB00455696 /* PBXContainerItemProxy */;
		};
/* End PBXTargetDependency section */

/* Begin XCBuildConfiguration section */
		9307FB9B25E2F5CB00455696 /* Debug */ = {
			isa = XCBuildConfiguration;
			buildSettings = {
				ALWAYS_SEARCH_USER_PATHS = NO;
				CLANG_ANALYZER_NONNULL = YES;
				CLANG_ANALYZER_NUMBER_OBJECT_CONVERSION = YES_AGGRESSIVE;
				CLANG_CXX_LANGUAGE_STANDARD = "gnu++14";
				CLANG_CXX_LIBRARY = "libc++";
				CLANG_ENABLE_MODULES = YES;
				CLANG_ENABLE_OBJC_ARC = YES;
				CLANG_ENABLE_OBJC_WEAK = YES;
				CLANG_WARN_BLOCK_CAPTURE_AUTORELEASING = YES;
				CLANG_WARN_BOOL_CONVERSION = YES;
				CLANG_WARN_COMMA = YES;
				CLANG_WARN_CONSTANT_CONVERSION = YES;
				CLANG_WARN_DEPRECATED_OBJC_IMPLEMENTATIONS = YES;
				CLANG_WARN_DIRECT_OBJC_ISA_USAGE = YES_ERROR;
				CLANG_WARN_DOCUMENTATION_COMMENTS = YES;
				CLANG_WARN_EMPTY_BODY = YES;
				CLANG_WARN_ENUM_CONVERSION = YES;
				CLANG_WARN_INFINITE_RECURSION = YES;
				CLANG_WARN_INT_CONVERSION = YES;
				CLANG_WARN_NON_LITERAL_NULL_CONVERSION = YES;
				CLANG_WARN_OBJC_IMPLICIT_RETAIN_SELF = YES;
				CLANG_WARN_OBJC_LITERAL_CONVERSION = YES;
				CLANG_WARN_OBJC_ROOT_CLASS = YES_ERROR;
				CLANG_WARN_QUOTED_INCLUDE_IN_FRAMEWORK_HEADER = YES;
				CLANG_WARN_RANGE_LOOP_ANALYSIS = YES;
				CLANG_WARN_STRICT_PROTOTYPES = YES;
				CLANG_WARN_SUSPICIOUS_MOVE = YES;
				CLANG_WARN_UNGUARDED_AVAILABILITY = YES_AGGRESSIVE;
				CLANG_WARN_UNREACHABLE_CODE = YES;
				CLANG_WARN__DUPLICATE_METHOD_MATCH = YES;
				COPY_PHASE_STRIP = NO;
				DEBUG_INFORMATION_FORMAT = dwarf;
				ENABLE_STRICT_OBJC_MSGSEND = YES;
				ENABLE_TESTABILITY = YES;
				GCC_C_LANGUAGE_STANDARD = gnu11;
				GCC_DYNAMIC_NO_PIC = NO;
				GCC_NO_COMMON_BLOCKS = YES;
				GCC_OPTIMIZATION_LEVEL = 0;
				GCC_PREPROCESSOR_DEFINITIONS = (
					"DEBUG=1",
					"$(inherited)",
				);
				GCC_WARN_64_TO_32_BIT_CONVERSION = YES;
				GCC_WARN_ABOUT_RETURN_TYPE = YES_ERROR;
				GCC_WARN_UNDECLARED_SELECTOR = YES;
				GCC_WARN_UNINITIALIZED_AUTOS = YES_AGGRESSIVE;
				GCC_WARN_UNUSED_FUNCTION = YES;
				GCC_WARN_UNUSED_VARIABLE = YES;
				IPHONEOS_DEPLOYMENT_TARGET = 14.1;
				MTL_ENABLE_DEBUG_INFO = INCLUDE_SOURCE;
				MTL_FAST_MATH = YES;
				ONLY_ACTIVE_ARCH = YES;
				SDKROOT = iphoneos;
				SWIFT_ACTIVE_COMPILATION_CONDITIONS = DEBUG;
				SWIFT_OPTIMIZATION_LEVEL = "-Onone";
			};
			name = Debug;
		};
		9307FB9C25E2F5CB00455696 /* Release */ = {
			isa = XCBuildConfiguration;
			buildSettings = {
				ALWAYS_SEARCH_USER_PATHS = NO;
				CLANG_ANALYZER_NONNULL = YES;
				CLANG_ANALYZER_NUMBER_OBJECT_CONVERSION = YES_AGGRESSIVE;
				CLANG_CXX_LANGUAGE_STANDARD = "gnu++14";
				CLANG_CXX_LIBRARY = "libc++";
				CLANG_ENABLE_MODULES = YES;
				CLANG_ENABLE_OBJC_ARC = YES;
				CLANG_ENABLE_OBJC_WEAK = YES;
				CLANG_WARN_BLOCK_CAPTURE_AUTORELEASING = YES;
				CLANG_WARN_BOOL_CONVERSION = YES;
				CLANG_WARN_COMMA = YES;
				CLANG_WARN_CONSTANT_CONVERSION = YES;
				CLANG_WARN_DEPRECATED_OBJC_IMPLEMENTATIONS = YES;
				CLANG_WARN_DIRECT_OBJC_ISA_USAGE = YES_ERROR;
				CLANG_WARN_DOCUMENTATION_COMMENTS = YES;
				CLANG_WARN_EMPTY_BODY = YES;
				CLANG_WARN_ENUM_CONVERSION = YES;
				CLANG_WARN_INFINITE_RECURSION = YES;
				CLANG_WARN_INT_CONVERSION = YES;
				CLANG_WARN_NON_LITERAL_NULL_CONVERSION = YES;
				CLANG_WARN_OBJC_IMPLICIT_RETAIN_SELF = YES;
				CLANG_WARN_OBJC_LITERAL_CONVERSION = YES;
				CLANG_WARN_OBJC_ROOT_CLASS = YES_ERROR;
				CLANG_WARN_QUOTED_INCLUDE_IN_FRAMEWORK_HEADER = YES;
				CLANG_WARN_RANGE_LOOP_ANALYSIS = YES;
				CLANG_WARN_STRICT_PROTOTYPES = YES;
				CLANG_WARN_SUSPICIOUS_MOVE = YES;
				CLANG_WARN_UNGUARDED_AVAILABILITY = YES_AGGRESSIVE;
				CLANG_WARN_UNREACHABLE_CODE = YES;
				CLANG_WARN__DUPLICATE_METHOD_MATCH = YES;
				COPY_PHASE_STRIP = NO;
				DEBUG_INFORMATION_FORMAT = "dwarf-with-dsym";
				ENABLE_NS_ASSERTIONS = NO;
				ENABLE_STRICT_OBJC_MSGSEND = YES;
				GCC_C_LANGUAGE_STANDARD = gnu11;
				GCC_NO_COMMON_BLOCKS = YES;
				GCC_WARN_64_TO_32_BIT_CONVERSION = YES;
				GCC_WARN_ABOUT_RETURN_TYPE = YES_ERROR;
				GCC_WARN_UNDECLARED_SELECTOR = YES;
				GCC_WARN_UNINITIALIZED_AUTOS = YES_AGGRESSIVE;
				GCC_WARN_UNUSED_FUNCTION = YES;
				GCC_WARN_UNUSED_VARIABLE = YES;
				IPHONEOS_DEPLOYMENT_TARGET = 14.1;
				MTL_ENABLE_DEBUG_INFO = NO;
				MTL_FAST_MATH = YES;
				SDKROOT = iphoneos;
				SWIFT_COMPILATION_MODE = wholemodule;
				SWIFT_OPTIMIZATION_LEVEL = "-O";
				VALIDATE_PRODUCT = YES;
			};
			name = Release;
		};
		9307FB9E25E2F5CB00455696 /* Debug */ = {
			isa = XCBuildConfiguration;
			buildSettings = {
				ASSETCATALOG_COMPILER_APPICON_NAME = AppIcon;
				ASSETCATALOG_COMPILER_GLOBAL_ACCENT_COLOR_NAME = AccentColor;
				CODE_SIGN_STYLE = Automatic;
				DEVELOPMENT_ASSET_PATHS = "\"RecipeScaler/Preview Content\"";
				DEVELOPMENT_TEAM = 68P5L6FJV2;
				ENABLE_PREVIEWS = YES;
				INFOPLIST_FILE = RecipeScaler/Info.plist;
				IPHONEOS_DEPLOYMENT_TARGET = 14.0;
				LD_RUNPATH_SEARCH_PATHS = (
					"$(inherited)",
					"@executable_path/Frameworks",
				);
				PRODUCT_BUNDLE_IDENTIFIER = com.searsstudio.RecipeScaler;
				PRODUCT_NAME = "$(TARGET_NAME)";
				SWIFT_VERSION = 5.0;
				TARGETED_DEVICE_FAMILY = "1,2";
			};
			name = Debug;
		};
		9307FB9F25E2F5CB00455696 /* Release */ = {
			isa = XCBuildConfiguration;
			buildSettings = {
				ASSETCATALOG_COMPILER_APPICON_NAME = AppIcon;
				ASSETCATALOG_COMPILER_GLOBAL_ACCENT_COLOR_NAME = AccentColor;
				CODE_SIGN_STYLE = Automatic;
				DEVELOPMENT_ASSET_PATHS = "\"RecipeScaler/Preview Content\"";
				DEVELOPMENT_TEAM = 68P5L6FJV2;
				ENABLE_PREVIEWS = YES;
				INFOPLIST_FILE = RecipeScaler/Info.plist;
				IPHONEOS_DEPLOYMENT_TARGET = 14.0;
				LD_RUNPATH_SEARCH_PATHS = (
					"$(inherited)",
					"@executable_path/Frameworks",
				);
				PRODUCT_BUNDLE_IDENTIFIER = com.searsstudio.RecipeScaler;
				PRODUCT_NAME = "$(TARGET_NAME)";
				SWIFT_VERSION = 5.0;
				TARGETED_DEVICE_FAMILY = "1,2";
			};
			name = Release;
		};
		9307FBA125E2F5CB00455696 /* Debug */ = {
			isa = XCBuildConfiguration;
			buildSettings = {
				ALWAYS_EMBED_SWIFT_STANDARD_LIBRARIES = YES;
				BUNDLE_LOADER = "$(TEST_HOST)";
				CODE_SIGN_STYLE = Automatic;
				DEVELOPMENT_TEAM = 68P5L6FJV2;
				INFOPLIST_FILE = RecipeScalerTests/Info.plist;
				IPHONEOS_DEPLOYMENT_TARGET = 14.0;
				LD_RUNPATH_SEARCH_PATHS = (
					"$(inherited)",
					"@executable_path/Frameworks",
					"@loader_path/Frameworks",
				);
				PRODUCT_BUNDLE_IDENTIFIER = com.searsstudio.RecipeScalerTests;
				PRODUCT_NAME = "$(TARGET_NAME)";
				SWIFT_VERSION = 5.0;
				TARGETED_DEVICE_FAMILY = "1,2";
				TEST_HOST = "$(BUILT_PRODUCTS_DIR)/RecipeScaler.app/RecipeScaler";
			};
			name = Debug;
		};
		9307FBA225E2F5CB00455696 /* Release */ = {
			isa = XCBuildConfiguration;
			buildSettings = {
				ALWAYS_EMBED_SWIFT_STANDARD_LIBRARIES = YES;
				BUNDLE_LOADER = "$(TEST_HOST)";
				CODE_SIGN_STYLE = Automatic;
				DEVELOPMENT_TEAM = 68P5L6FJV2;
				INFOPLIST_FILE = RecipeScalerTests/Info.plist;
				IPHONEOS_DEPLOYMENT_TARGET = 14.0;
				LD_RUNPATH_SEARCH_PATHS = (
					"$(inherited)",
					"@executable_path/Frameworks",
					"@loader_path/Frameworks",
				);
				PRODUCT_BUNDLE_IDENTIFIER = com.searsstudio.RecipeScalerTests;
				PRODUCT_NAME = "$(TARGET_NAME)";
				SWIFT_VERSION = 5.0;
				TARGETED_DEVICE_FAMILY = "1,2";
				TEST_HOST = "$(BUILT_PRODUCTS_DIR)/RecipeScaler.app/RecipeScaler";
			};
			name = Release;
		};
		9307FBA425E2F5CB00455696 /* Debug */ = {
			isa = XCBuildConfiguration;
			buildSettings = {
				ALWAYS_EMBED_SWIFT_STANDARD_LIBRARIES = YES;
				CODE_SIGN_STYLE = Automatic;
				DEVELOPMENT_TEAM = 68P5L6FJV2;
				INFOPLIST_FILE = RecipeScalerUITests/Info.plist;
				LD_RUNPATH_SEARCH_PATHS = (
					"$(inherited)",
					"@executable_path/Frameworks",
					"@loader_path/Frameworks",
				);
				PRODUCT_BUNDLE_IDENTIFIER = com.searsstudio.RecipeScalerUITests;
				PRODUCT_NAME = "$(TARGET_NAME)";
				SWIFT_VERSION = 5.0;
				TARGETED_DEVICE_FAMILY = "1,2";
				TEST_TARGET_NAME = RecipeScaler;
			};
			name = Debug;
		};
		9307FBA525E2F5CB00455696 /* Release */ = {
			isa = XCBuildConfiguration;
			buildSettings = {
				ALWAYS_EMBED_SWIFT_STANDARD_LIBRARIES = YES;
				CODE_SIGN_STYLE = Automatic;
				DEVELOPMENT_TEAM = 68P5L6FJV2;
				INFOPLIST_FILE = RecipeScalerUITests/Info.plist;
				LD_RUNPATH_SEARCH_PATHS = (
					"$(inherited)",
					"@executable_path/Frameworks",
					"@loader_path/Frameworks",
				);
				PRODUCT_BUNDLE_IDENTIFIER = com.searsstudio.RecipeScalerUITests;
				PRODUCT_NAME = "$(TARGET_NAME)";
				SWIFT_VERSION = 5.0;
				TARGETED_DEVICE_FAMILY = "1,2";
				TEST_TARGET_NAME = RecipeScaler;
			};
			name = Release;
		};
/* End XCBuildConfiguration section */

/* Begin XCConfigurationList section */
		9307FB6E25E2F5C800455696 /* Build configuration list for PBXProject "RecipeScaler" */ = {
			isa = XCConfigurationList;
			buildConfigurations = (
				9307FB9B25E2F5CB00455696 /* Debug */,
				9307FB9C25E2F5CB00455696 /* Release */,
			);
			defaultConfigurationIsVisible = 0;
			defaultConfigurationName = Release;
		};
		9307FB9D25E2F5CB00455696 /* Build configuration list for PBXNativeTarget "RecipeScaler" */ = {
			isa = XCConfigurationList;
			buildConfigurations = (
				9307FB9E25E2F5CB00455696 /* Debug */,
				9307FB9F25E2F5CB00455696 /* Release */,
			);
			defaultConfigurationIsVisible = 0;
			defaultConfigurationName = Release;
		};
		9307FBA025E2F5CB00455696 /* Build configuration list for PBXNativeTarget "RecipeScalerTests" */ = {
			isa = XCConfigurationList;
			buildConfigurations = (
				9307FBA125E2F5CB00455696 /* Debug */,
				9307FBA225E2F5CB00455696 /* Release */,
			);
			defaultConfigurationIsVisible = 0;
			defaultConfigurationName = Release;
		};
		9307FBA325E2F5CB00455696 /* Build configuration list for PBXNativeTarget "RecipeScalerUITests" */ = {
			isa = XCConfigurationList;
			buildConfigurations = (
				9307FBA425E2F5CB00455696 /* Debug */,
				9307FBA525E2F5CB00455696 /* Release */,
			);
			defaultConfigurationIsVisible = 0;
			defaultConfigurationName = Release;
		};
/* End XCConfigurationList section */

/* Begin XCVersionGroup section */
		9307FB8125E2F5CA00455696 /* RecipeScaler.xcdatamodeld */ = {
			isa = XCVersionGroup;
			children = (
				9307FB8225E2F5CA00455696 /* RecipeScaler.xcdatamodel */,
			);
			currentVersion = 9307FB8225E2F5CA00455696 /* RecipeScaler.xcdatamodel */;
			path = RecipeScaler.xcdatamodeld;
			sourceTree = "<group>";
			versionGroupType = wrapper.xcdatamodel;
		};
/* End XCVersionGroup section */
	};
	rootObject = 9307FB6B25E2F5C800455696 /* Project object */;
}
